
Microsoft Visual Studio Solution File, Format Version 12.00
# Visual Studio Version 17
VisualStudioVersion = 17.0.31903.59
MinimumVisualStudioVersion = 10.0.40219.1
Project("{9A19103F-16F7-4668-BE54-9A1E7A4F7556}") = "ToolBoxTest", "ToolBoxTest\ToolBoxTest.csproj", "{816561E5-3A7E-4482-A374-A1A144C6E649}"
EndProject
Project("{9A19103F-16F7-4668-BE54-9A1E7A4F7556}") = "YukariToolBox.LightLog", "YukariToolBox.LightLog\YukariToolBox.LightLog.csproj", "{9B02DAC7-564C-48F8-8C82-3892BC90BD03}"
EndProject
Project("{9A19103F-16F7-4668-BE54-9A1E7A4F7556}") = "YukariToolBox.ObjectHelper", "YukariToolBox.ObjectHelper\YukariToolBox.ObjectHelper.csproj", "{B4F9F5DF-C3F8-4B4E-B9A6-E9CBD492D144}"
EndProject
Project("{9A19103F-16F7-4668-BE54-9A1E7A4F7556}") = "YukariToolBox.Time", "YukariToolBox.Time\YukariToolBox.Time.csproj", "{48486832-2774-40B9-AC1E-20D3AF74B9C3}"
EndProject
Project("{FAE04EC0-301F-11D3-BF4B-00C04F79EFBC}") = "YukariToolBox.Extensions", "YukariToolBox.Extensions\YukariToolBox.Extensions.csproj", "{AB0248BB-895C-41AF-A90F-56060BCCD7E0}"
EndProject
Global
	GlobalSection(SolutionConfigurationPlatforms) = preSolution
		Debug|Any CPU = Debug|Any CPU
		Release|Any CPU = Release|Any CPU
	EndGlobalSection
	GlobalSection(ProjectConfigurationPlatforms) = postSolution
		{816561E5-3A7E-4482-A374-A1A144C6E649}.Debug|Any CPU.ActiveCfg = Debug|Any CPU
		{816561E5-3A7E-4482-A374-A1A144C6E649}.Debug|Any CPU.Build.0 = Debug|Any CPU
		{816561E5-3A7E-4482-A374-A1A144C6E649}.Release|Any CPU.ActiveCfg = Release|Any CPU
		{816561E5-3A7E-4482-A374-A1A144C6E649}.Release|Any CPU.Build.0 = Release|Any CPU
		{9B02DAC7-564C-48F8-8C82-3892BC90BD03}.Debug|Any CPU.ActiveCfg = Debug|Any CPU
		{9B02DAC7-564C-48F8-8C82-3892BC90BD03}.Debug|Any CPU.Build.0 = Debug|Any CPU
		{9B02DAC7-564C-48F8-8C82-3892BC90BD03}.Release|Any CPU.ActiveCfg = Release|Any CPU
		{9B02DAC7-564C-48F8-8C82-3892BC90BD03}.Release|Any CPU.Build.0 = Release|Any CPU
		{B4F9F5DF-C3F8-4B4E-B9A6-E9CBD492D144}.Debug|Any CPU.ActiveCfg = Debug|Any CPU
		{B4F9F5DF-C3F8-4B4E-B9A6-E9CBD492D144}.Debug|Any CPU.Build.0 = Debug|Any CPU
		{B4F9F5DF-C3F8-4B4E-B9A6-E9CBD492D144}.Release|Any CPU.ActiveCfg = Release|Any CPU
		{B4F9F5DF-C3F8-4B4E-B9A6-E9CBD492D144}.Release|Any CPU.Build.0 = Release|Any CPU
		{48486832-2774-40B9-AC1E-20D3AF74B9C3}.Debug|Any CPU.ActiveCfg = Debug|Any CPU
		{48486832-2774-40B9-AC1E-20D3AF74B9C3}.Debug|Any CPU.Build.0 = Debug|Any CPU
		{48486832-2774-40B9-AC1E-20D3AF74B9C3}.Release|Any CPU.ActiveCfg = Release|Any CPU
		{48486832-2774-40B9-AC1E-20D3AF74B9C3}.Release|Any CPU.Build.0 = Release|Any CPU
		{AB0248BB-895C-41AF-A90F-56060BCCD7E0}.Debug|Any CPU.ActiveCfg = Debug|Any CPU
		{AB0248BB-895C-41AF-A90F-56060BCCD7E0}.Debug|Any CPU.Build.0 = Debug|Any CPU
		{AB0248BB-895C-41AF-A90F-56060BCCD7E0}.Release|Any CPU.ActiveCfg = Release|Any CPU
		{AB0248BB-895C-41AF-A90F-56060BCCD7E0}.Release|Any CPU.Build.0 = Release|Any CPU
	EndGlobalSection
	GlobalSection(SolutionProperties) = preSolution
		HideSolutionNode = FALSE
	EndGlobalSection
	GlobalSection(ExtensibilityGlobals) = postSolution
		SolutionGuid = {1AA1D266-D619-4385-903E-A39270F544B0}
	EndGlobalSection
EndGlobal
