
Microsoft Visual Studio Solution File, Format Version 12.00
# Visual Studio Version 16
VisualStudioVersion = 16.0.30907.101
MinimumVisualStudioVersion = 10.0.40219.1
Project("{FAE04EC0-301F-11D3-BF4B-00C04F79EFBC}") = "YukariToolBox", "YukariToolBox\YukariToolBox.csproj", "{013A8135-0A22-438E-883A-67F766A2153F}"
EndProject
Global
	GlobalSection(SolutionConfigurationPlatforms) = preSolution
		Debug|Any CPU = Debug|Any CPU
		Release|Any CPU = Release|Any CPU
	EndGlobalSection
	GlobalSection(ProjectConfigurationPlatforms) = postSolution
		{013A8135-0A22-438E-883A-67F766A2153F}.Debug|Any CPU.ActiveCfg = Debug|Any CPU
		{013A8135-0A22-438E-883A-67F766A2153F}.Debug|Any CPU.Build.0 = Debug|Any CPU
		{013A8135-0A22-438E-883A-67F766A2153F}.Release|Any CPU.ActiveCfg = Release|Any CPU
		{013A8135-0A22-438E-883A-67F766A2153F}.Release|Any CPU.Build.0 = Release|Any CPU
	EndGlobalSection
	GlobalSection(SolutionProperties) = preSolution
		HideSolutionNode = FALSE
	EndGlobalSection
	GlobalSection(ExtensibilityGlobals) = postSolution
		SolutionGuid = {1AA1D266-D619-4385-903E-A39270F544B0}
	EndGlobalSection
EndGlobal
